
Microsoft Visual Studio Solution File, Format Version 12.00
# Visual Studio Version 17
VisualStudioVersion = 17.4.33122.133
MinimumVisualStudioVersion = 10.0.40219.1
Project("{9A19103F-16F7-4668-BE54-9A1E7A4F7556}") = "WPEmbedClipCode", "WPEmbedTTVClip\WPEmbedClipCode.csproj", "{C7EADC85-04C3-47D0-A71A-138D39905CF8}"
EndProject
Global
	GlobalSection(SolutionConfigurationPlatforms) = preSolution
		Debug|Any CPU = Debug|Any CPU
		Release|Any CPU = Release|Any CPU
	EndGlobalSection
	GlobalSection(ProjectConfigurationPlatforms) = postSolution
		{C7EADC85-04C3-47D0-A71A-138D39905CF8}.Debug|Any CPU.ActiveCfg = Debug|Any CPU
		{C7EADC85-04C3-47D0-A71A-138D39905CF8}.Debug|Any CPU.Build.0 = Debug|Any CPU
		{C7EADC85-04C3-47D0-A71A-138D39905CF8}.Release|Any CPU.ActiveCfg = Release|Any CPU
		{C7EADC85-04C3-47D0-A71A-138D39905CF8}.Release|Any CPU.Build.0 = Release|Any CPU
	EndGlobalSection
	GlobalSection(SolutionProperties) = preSolution
		HideSolutionNode = FALSE
	EndGlobalSection
	GlobalSection(ExtensibilityGlobals) = postSolution
		SolutionGuid = {A4BB6F7D-9B83-4247-BD7D-9736A96910FC}
	EndGlobalSection
EndGlobal
